{
  "name": "rayfin-functions",
  "version": "1.0.0",
  "lockfileVersion": 3,
  "requires": true,
  "packages": {
    "": {
      "name": "rayfin-functions",
      "version": "1.0.0",
      "dependencies": {
        "@microsoft/fabric-user-data-functions": "^1.35.0-alpha.1374"
      },
      "devDependencies": {
        "rimraf": "^6.0.0",
        "typescript": "^5.8.0"
      }
    },
    "node_modules/@azure/functions": {
      "version": "4.16.2",
      "resolved": "https://ms-feed-17.pkgs.visualstudio.com/1es-public/_packaging/npm-public/npm/registry/@azure/functions/-/functions-4.16.2.tgz",
      "integrity": "sha1-e/GOBuS1+Ss2i0I8xX/pu2WI788=",
      "license": "MIT",
      "dependencies": {
        "@azure/functions-extensions-base": "0.3.0",
        "cookie": "^0.7.0"
      },
      "engines": {
        "node": ">=20.0"
      }
    },
    "node_modules/@azure/functions-extensions-base": {
      "version": "0.3.0",
      "resolved": "https://ms-feed-2.pkgs.visualstudio.com/1es-public/_packaging/npm-public/npm/registry/@azure/functions-extensions-base/-/functions-extensions-base-0.3.0.tgz",
      "integrity": "sha1-cGLy8GmLtkdwN4+eev+fd8Ukn04=",
      "license": "MIT",
      "engines": {
        "node": ">=18.0"
      }
    },
    "node_modules/@isaacs/fs-minipass": {
      "version": "4.0.1",
      "resolved": "https://ms-feed-2.pkgs.visualstudio.com/1es-public/_packaging/npm-public/npm/registry/@isaacs/fs-minipass/-/fs-minipass-4.0.1.tgz",
      "integrity": "sha1-LVmuOrSzj7QnC/oj0w+OLobH/jI=",
      "license": "ISC",
      "dependencies": {
        "minipass": "^7.0.4"
      },
      "engines": {
        "node": ">=18.0.0"
      }
    },
    "node_modules/@microsoft/fabric-user-data-functions": {
      "version": "1.35.0-alpha.1374",
      "resolved": "https://ms-feed-17.pkgs.visualstudio.com/1es-public/_packaging/npm-public/npm/registry/@microsoft/fabric-user-data-functions/-/fabric-user-data-functions-1.35.0-alpha.1374.tgz",
      "integrity": "sha1-vxe/5xib5TxS6rvvCFNKqKLpmNo=",
      "license": "MIT",
      "dependencies": {
        "@azure/functions": "^4.0.0",
        "@microsoft/rayfin-client": "1.35.0-alpha.1374"
      },
      "engines": {
        "node": ">=20.0.0 <21.0.0 || >=22.0.0 <23.0.0 || >=24.0.0 <25.0.0"
      }
    },
    "node_modules/@microsoft/rayfin-auth": {
      "version": "1.35.0-alpha.1374",
      "resolved": "https://ms-feed-25.pkgs.visualstudio.com/1es-public/_packaging/npm-public/npm/registry/@microsoft/rayfin-auth/-/rayfin-auth-1.35.0-alpha.1374.tgz",
      "integrity": "sha1-3YxaecdMtkKcObY6xX8mrhVtzuI=",
      "license": "MIT",
      "dependencies": {
        "@microsoft/rayfin-lib": "1.35.0-alpha.1374"
      }
    },
    "node_modules/@microsoft/rayfin-client": {
      "version": "1.35.0-alpha.1374",
      "resolved": "https://ms-feed-2.pkgs.visualstudio.com/1es-public/_packaging/npm-public/npm/registry/@microsoft/rayfin-client/-/rayfin-client-1.35.0-alpha.1374.tgz",
      "integrity": "sha1-VdpocSkhJEItW7L8LIN4z4ypkZQ=",
      "license": "MIT",
      "dependencies": {
        "@microsoft/rayfin-auth": "1.35.0-alpha.1374",
        "@microsoft/rayfin-connectors": "1.35.0-alpha.1374",
        "@microsoft/rayfin-data": "1.35.0-alpha.1374",
        "@microsoft/rayfin-functions": "1.35.0-alpha.1374",
        "@microsoft/rayfin-lib": "1.35.0-alpha.1374"
      }
    },
    "node_modules/@microsoft/rayfin-connectors": {
      "version": "1.35.0-alpha.1374",
      "resolved": "https://ms-feed-17.pkgs.visualstudio.com/1es-public/_packaging/npm-public/npm/registry/@microsoft/rayfin-connectors/-/rayfin-connectors-1.35.0-alpha.1374.tgz",
      "integrity": "sha1-a3AxCDKJV/qcV+fGroHHA4NORcg=",
      "license": "MIT",
      "dependencies": {
        "@microsoft/rayfin-core": "1.35.0-alpha.1374",
        "@microsoft/rayfin-data": "1.35.0-alpha.1374",
        "@microsoft/rayfin-lib": "1.35.0-alpha.1374",
        "@microsoft/rayfin-tools-common": "1.35.0-alpha.1374"
      }
    },
    "node_modules/@microsoft/rayfin-core": {
      "version": "1.35.0-alpha.1374",
      "resolved": "https://ms-feed-2.pkgs.visualstudio.com/1es-public/_packaging/npm-public/npm/registry/@microsoft/rayfin-core/-/rayfin-core-1.35.0-alpha.1374.tgz",
      "integrity": "sha1-aNv/FJf6wdoiTCFDpyt7L+FAn2c=",
      "license": "MIT",
      "dependencies": {
        "@microsoft/rayfin-lib": "1.35.0-alpha.1374",
        "@standard-schema/spec": "^1.1.0"
      },
      "peerDependencies": {
        "typescript": "^5.0.0"
      }
    },
    "node_modules/@microsoft/rayfin-data": {
      "version": "1.35.0-alpha.1374",
      "resolved": "https://ms-feed-25.pkgs.visualstudio.com/1es-public/_packaging/npm-public/npm/registry/@microsoft/rayfin-data/-/rayfin-data-1.35.0-alpha.1374.tgz",
      "integrity": "sha1-gBtJnfWeaCTNauSaPJzjHju/440=",
      "license": "MIT",
      "dependencies": {
        "@microsoft/rayfin-core": "1.35.0-alpha.1374",
        "@microsoft/rayfin-lib": "1.35.0-alpha.1374"
      }
    },
    "node_modules/@microsoft/rayfin-functions": {
      "version": "1.35.0-alpha.1374",
      "resolved": "https://ms-feed-17.pkgs.visualstudio.com/1es-public/_packaging/npm-public/npm/registry/@microsoft/rayfin-functions/-/rayfin-functions-1.35.0-alpha.1374.tgz",
      "integrity": "sha1-hr6GNx3XFR7/6iuO/Ask/QOs+AQ=",
      "license": "MIT",
      "dependencies": {
        "@microsoft/rayfin-lib": "1.35.0-alpha.1374"
      }
    },
    "node_modules/@microsoft/rayfin-lib": {
      "version": "1.35.0-alpha.1374",
      "resolved": "https://ms-feed-2.pkgs.visualstudio.com/1es-public/_packaging/npm-public/npm/registry/@microsoft/rayfin-lib/-/rayfin-lib-1.35.0-alpha.1374.tgz",
      "integrity": "sha1-6ssh8asShe+tTm7jYEvB3JH+3s8=",
      "license": "MIT",
      "dependencies": {
        "pluralize": "^8.0.0"
      }
    },
    "node_modules/@microsoft/rayfin-tools-common": {
      "version": "1.35.0-alpha.1374",
      "resolved": "https://ms-feed-25.pkgs.visualstudio.com/1es-public/_packaging/npm-public/npm/registry/@microsoft/rayfin-tools-common/-/rayfin-tools-common-1.35.0-alpha.1374.tgz",
      "integrity": "sha1-Vld0rARetlAXppL4nevq3XmcfpA=",
      "license": "MIT",
      "dependencies": {
        "tar": "~7.5.15",
        "yaml": "^2.8.2",
        "zod": "~4.3.6"
      }
    },
    "node_modules/@standard-schema/spec": {
      "version": "1.1.0",
      "resolved": "https://ms-feed-2.pkgs.visualstudio.com/1es-public/_packaging/npm-public/npm/registry/@standard-schema/spec/-/spec-1.1.0.tgz",
      "integrity": "sha1-p5tV26+GBIEvUtFAssmrQbwVC7g=",
      "license": "MIT"
    },
    "node_modules/balanced-match": {
      "version": "4.0.4",
      "resolved": "https://ms-feed-25.pkgs.visualstudio.com/1es-public/_packaging/npm-public/npm/registry/balanced-match/-/balanced-match-4.0.4.tgz",
      "integrity": "sha1-v7EGYv7tgZaixi58aOF3IMJ0F5o=",
      "dev": true,
      "license": "MIT",
      "engines": {
        "node": "18 || 20 || >=22"
      }
    },
    "node_modules/brace-expansion": {
      "version": "5.0.9",
      "resolved": "https://ms-feed-25.pkgs.visualstudio.com/1es-public/_packaging/npm-public/npm/registry/brace-expansion/-/brace-expansion-5.0.9.tgz",
      "integrity": "sha1-fHJDiAm1+lur9UGZofHCgaaYT88=",
      "dev": true,
      "license": "MIT",
      "dependencies": {
        "balanced-match": "^4.0.2"
      },
      "engines": {
        "node": "20 || >=22"
      }
    },
    "node_modules/chownr": {
      "version": "3.0.0",
      "resolved": "https://ms-feed-12.pkgs.visualstudio.com/1es-public/_packaging/npm-public/npm/registry/chownr/-/chownr-3.0.0.tgz",
      "integrity": "sha1-mFXmTs0kCpzEJnzopKpdJKHaFeQ=",
      "license": "BlueOak-1.0.0",
      "engines": {
        "node": ">=18"
      }
    },
    "node_modules/cookie": {
      "version": "0.7.2",
      "resolved": "https://ms-feed-17.pkgs.visualstudio.com/1es-public/_packaging/npm-public/npm/registry/cookie/-/cookie-0.7.2.tgz",
      "integrity": "sha1-VWNpxHKiupEPKXmJG1JrNDYjftc=",
      "license": "MIT",
      "engines": {
        "node": ">= 0.6"
      }
    },
    "node_modules/glob": {
      "version": "13.0.6",
      "resolved": "https://ms-feed-12.pkgs.visualstudio.com/1es-public/_packaging/npm-public/npm/registry/glob/-/glob-13.0.6.tgz",
      "integrity": "sha1-B4ZmVmpCUUfMrPvS4zLetmor5x0=",
      "dev": true,
      "license": "BlueOak-1.0.0",
      "dependencies": {
        "minimatch": "^10.2.2",
        "minipass": "^7.1.3",
        "path-scurry": "^2.0.2"
      },
      "engines": {
        "node": "18 || 20 || >=22"
      },
      "funding": {
        "url": "https://github.com/sponsors/isaacs"
      }
    },
    "node_modules/lru-cache": {
      "version": "11.5.2",
      "resolved": "https://ms-feed-2.pkgs.visualstudio.com/1es-public/_packaging/npm-public/npm/registry/lru-cache/-/lru-cache-11.5.2.tgz",
      "integrity": "sha1-AOFmZckMYg+6FKPDaHMql2ST92A=",
      "dev": true,
      "license": "BlueOak-1.0.0",
      "engines": {
        "node": "20 || >=22"
      }
    },
    "node_modules/minimatch": {
      "version": "10.2.6",
      "resolved": "https://ms-feed-12.pkgs.visualstudio.com/1es-public/_packaging/npm-public/npm/registry/minimatch/-/minimatch-10.2.6.tgz",
      "integrity": "sha1-/ZVrvgt3JB6fFaxdzLHGOAYJaO8=",
      "dev": true,
      "license": "BlueOak-1.0.0",
      "dependencies": {
        "brace-expansion": "^5.0.8"
      },
      "engines": {
        "node": "18 || 20 || >=22"
      },
      "funding": {
        "url": "https://github.com/sponsors/isaacs"
      }
    },
    "node_modules/minipass": {
      "version": "7.1.3",
      "resolved": "https://ms-feed-25.pkgs.visualstudio.com/1es-public/_packaging/npm-public/npm/registry/minipass/-/minipass-7.1.3.tgz",
      "integrity": "sha1-eTibTrG7LQA6m7qH1JLyvTe9xls=",
      "license": "BlueOak-1.0.0",
      "engines": {
        "node": ">=16 || 14 >=14.17"
      }
    },
    "node_modules/minizlib": {
      "version": "3.1.0",
      "resolved": "https://ms-feed-12.pkgs.visualstudio.com/1es-public/_packaging/npm-public/npm/registry/minizlib/-/minizlib-3.1.0.tgz",
      "integrity": "sha1-atdsOo8QInybUdHJrI4wsn9aJRw=",
      "license": "MIT",
      "dependencies": {
        "minipass": "^7.1.2"
      },
      "engines": {
        "node": ">= 18"
      }
    },
    "node_modules/package-json-from-dist": {
      "version": "1.0.1",
      "resolved": "https://ms-feed-17.pkgs.visualstudio.com/1es-public/_packaging/npm-public/npm/registry/package-json-from-dist/-/package-json-from-dist-1.0.1.tgz",
      "integrity": "sha1-TxRxoBCCeob5TP2bByfjbSZ95QU=",
      "dev": true,
      "license": "BlueOak-1.0.0"
    },
    "node_modules/path-scurry": {
      "version": "2.0.2",
      "resolved": "https://ms-feed-17.pkgs.visualstudio.com/1es-public/_packaging/npm-public/npm/registry/path-scurry/-/path-scurry-2.0.2.tgz",
      "integrity": "sha1-a+DQ7gKhDZ4N56mLrmXhgskGH4U=",
      "dev": true,
      "license": "BlueOak-1.0.0",
      "dependencies": {
        "lru-cache": "^11.0.0",
        "minipass": "^7.1.2"
      },
      "engines": {
        "node": "18 || 20 || >=22"
      },
      "funding": {
        "url": "https://github.com/sponsors/isaacs"
      }
    },
    "node_modules/pluralize": {
      "version": "8.0.0",
      "resolved": "https://ms-feed-2.pkgs.visualstudio.com/1es-public/_packaging/npm-public/npm/registry/pluralize/-/pluralize-8.0.0.tgz",
      "integrity": "sha1-Gm+hajjRKhkB4DIPoBcFHFOc47E=",
      "license": "MIT",
      "engines": {
        "node": ">=4"
      }
    },
    "node_modules/rimraf": {
      "version": "6.1.3",
      "resolved": "https://ms-feed-25.pkgs.visualstudio.com/1es-public/_packaging/npm-public/npm/registry/rimraf/-/rimraf-6.1.3.tgz",
      "integrity": "sha1-r77iNrO9K+Mx1OfORJO6wXGJga8=",
      "dev": true,
      "license": "BlueOak-1.0.0",
      "dependencies": {
        "glob": "^13.0.3",
        "package-json-from-dist": "^1.0.1"
      },
      "bin": {
        "rimraf": "dist/esm/bin.mjs"
      },
      "engines": {
        "node": "20 || >=22"
      },
      "funding": {
        "url": "https://github.com/sponsors/isaacs"
      }
    },
    "node_modules/tar": {
      "version": "7.5.22",
      "resolved": "https://ms-feed-17.pkgs.visualstudio.com/1es-public/_packaging/npm-public/npm/registry/tar/-/tar-7.5.22.tgz",
      "integrity": "sha1-ppb5mBNucUh9w/hpqFu6LGeXG6k=",
      "license": "BlueOak-1.0.0",
      "dependencies": {
        "@isaacs/fs-minipass": "^4.0.0",
        "chownr": "^3.0.0",
        "minipass": "^7.1.2",
        "minizlib": "^3.1.0",
        "yallist": "^5.0.0"
      },
      "engines": {
        "node": ">=18"
      }
    },
    "node_modules/typescript": {
      "version": "5.9.3",
      "resolved": "https://ms-feed-12.pkgs.visualstudio.com/1es-public/_packaging/npm-public/npm/registry/typescript/-/typescript-5.9.3.tgz",
      "integrity": "sha1-W09Z4VMQqxeiFvXWz1PuR27eZw8=",
      "license": "Apache-2.0",
      "bin": {
        "tsc": "bin/tsc",
        "tsserver": "bin/tsserver"
      },
      "engines": {
        "node": ">=14.17"
      }
    },
    "node_modules/yallist": {
      "version": "5.0.0",
      "resolved": "https://ms-feed-2.pkgs.visualstudio.com/1es-public/_packaging/npm-public/npm/registry/yallist/-/yallist-5.0.0.tgz",
      "integrity": "sha1-AOLeRDY57Q14/YfeDSdGn7z/tTM=",
      "license": "BlueOak-1.0.0",
      "engines": {
        "node": ">=18"
      }
    },
    "node_modules/yaml": {
      "version": "2.9.0",
      "resolved": "https://ms-feed-25.pkgs.visualstudio.com/1es-public/_packaging/npm-public/npm/registry/yaml/-/yaml-2.9.0.tgz",
      "integrity": "sha1-eCdK/ZNZih391hMN9qVm3vy/mqQ=",
      "license": "ISC",
      "bin": {
        "yaml": "bin.mjs"
      },
      "engines": {
        "node": ">= 14.6"
      },
      "funding": {
        "url": "https://github.com/sponsors/eemeli"
      }
    },
    "node_modules/zod": {
      "version": "4.3.6",
      "resolved": "https://ms-feed-12.pkgs.visualstudio.com/1es-public/_packaging/npm-public/npm/registry/zod/-/zod-4.3.6.tgz",
      "integrity": "sha1-icVuCqfSsFEH2JRBIicIeIWrESo=",
      "license": "MIT",
      "funding": {
        "url": "https://github.com/sponsors/colinhacks"
      }
    }
  }
}
